<?xml version="1.0" encoding="utf-8"?>
<Project ToolsVersion="4.0" xmlns="http://schemas.microsoft.com/developer/msbuild/2003">
  <ItemGroup>
    <Filter Include="Main">
      <UniqueIdentifier>{3f04a18d-f81c-42f3-a464-792fec25a1c1}</UniqueIdentifier>
    </Filter>
    <Filter Include="Headers">
      <UniqueIdentifier>{6bd71801-e06a-4921-b661-cb67cb196896}</UniqueIdentifier>
    </Filter>
    <Filter Include="Headers\Global">
      <UniqueIdentifier>{56f6e423-ebe0-4687-a607-8031971271d1}</UniqueIdentifier>
    </Filter>
  </ItemGroup>
  <ItemGroup>
    <ClCompile Include="main.cpp">
      <Filter>Main</Filter>
    </ClCompile>
    <ClCompile Include="pch.cpp">
      <Filter>Headers\Global</Filter>
    </ClCompile>
    <ClCompile Include="TestGame.cpp">
      <Filter>Main</Filter>
    </ClCompile>
  </ItemGroup>
  <ItemGroup>
    <ClInclude Include="pch.h">
      <Filter>Headers\Global</Filter>
    </ClInclude>
    <ClInclude Include="TestGame.h">
      <Filter>Main</Filter>
    </ClInclude>
    <ClInclude Include="ClientPch.h">
      <Filter>Headers\Global</Filter>
    </ClInclude>
  </ItemGroup>
</Project>