<?xml version="1.0" encoding="utf-8"?>
<Project ToolsVersion="4.0" xmlns="http://schemas.microsoft.com/developer/msbuild/2003">
  <ItemGroup>
    <Filter Include="Core">
      <UniqueIdentifier>{b0d85abc-626a-4e19-9071-f41277adfb97}</UniqueIdentifier>
    </Filter>
    <Filter Include="Utils">
      <UniqueIdentifier>{795b77ee-6f8c-41aa-b99c-73a30bf6c585}</UniqueIdentifier>
    </Filter>
    <Filter Include="Headers">
      <UniqueIdentifier>{7b549795-461f-4b0e-904e-755eb2f999a7}</UniqueIdentifier>
    </Filter>
    <Filter Include="Reflection">
      <UniqueIdentifier>{de8f2ec4-195d-4db0-8a28-3e151d2bb882}</UniqueIdentifier>
    </Filter>
    <Filter Include="Core\World">
      <UniqueIdentifier>{4071671f-1d9b-4c0f-aab4-59accde801ee}</UniqueIdentifier>
    </Filter>
    <Filter Include="Graphics">
      <UniqueIdentifier>{ee3d1452-c666-4b08-996d-3fd69af92025}</UniqueIdentifier>
    </Filter>
    <Filter Include="Graphics\Scene">
      <UniqueIdentifier>{b947935e-6ea6-4e69-b600-585c54ffea19}</UniqueIdentifier>
    </Filter>
    <Filter Include="Manager">
      <UniqueIdentifier>{fc75f0c4-72d8-4a09-951f-db5c12acf6c3}</UniqueIdentifier>
    </Filter>
    <Filter Include="Headers\Minimum">
      <UniqueIdentifier>{272a34c2-df18-4c9f-a204-291ea2f96d4a}</UniqueIdentifier>
    </Filter>
    <Filter Include="Headers\Global">
      <UniqueIdentifier>{05da2091-25e3-4c6d-a459-c095ee31a0af}</UniqueIdentifier>
    </Filter>
    <Filter Include="Core\Component">
      <UniqueIdentifier>{97d1e3e2-3653-4744-a374-215f1f635cdc}</UniqueIdentifier>
    </Filter>
    <Filter Include="Reflection\TypeInfo">
      <UniqueIdentifier>{ba2a2fc2-7daa-4d0f-8afc-2866ebbb70d9}</UniqueIdentifier>
    </Filter>
    <Filter Include="Utils\Debugger">
      <UniqueIdentifier>{715d1f54-8438-4207-a4f5-62b03ce96dca}</UniqueIdentifier>
    </Filter>
    <Filter Include="Graphics\Viewport">
      <UniqueIdentifier>{da77c887-8236-4598-9eb1-c7ae338d01f1}</UniqueIdentifier>
    </Filter>
    <Filter Include="Utils\Memory">
      <UniqueIdentifier>{4640cd47-e76e-4623-a539-94baa492f242}</UniqueIdentifier>
    </Filter>
    <Filter Include="Utils\Thread">
      <UniqueIdentifier>{90b4a2d9-2314-4379-b824-8eaa661a7e28}</UniqueIdentifier>
    </Filter>
    <Filter Include="Core\App">
      <UniqueIdentifier>{a29523b9-dc78-4f1c-8faa-73fc0c1351bf}</UniqueIdentifier>
    </Filter>
    <Filter Include="Widget">
      <UniqueIdentifier>{1aaf3193-3eff-40e5-9cbd-01b508d7c594}</UniqueIdentifier>
    </Filter>
    <Filter Include="Core\App\AppWindow">
      <UniqueIdentifier>{b266870c-9519-451e-91c7-f0084b8476aa}</UniqueIdentifier>
    </Filter>
    <Filter Include="Core\Resource">
      <UniqueIdentifier>{b5a3c4f4-e007-40ec-96ac-b79bd43f5cec}</UniqueIdentifier>
    </Filter>
    <Filter Include="Manager\Factory">
      <UniqueIdentifier>{8202eb28-fc7e-4d1c-8cda-b53b3589510b}</UniqueIdentifier>
    </Filter>
    <Filter Include="Manager\Resources">
      <UniqueIdentifier>{0e3464f2-463d-4a73-8d01-90943b4c58ff}</UniqueIdentifier>
    </Filter>
    <Filter Include="Manager\Utils">
      <UniqueIdentifier>{61931180-112c-46ad-b331-7df3f7de5f83}</UniqueIdentifier>
    </Filter>
    <Filter Include="Manager\Framework">
      <UniqueIdentifier>{5510128c-b711-4688-9416-c4663aa3f0b4}</UniqueIdentifier>
    </Filter>
    <Filter Include="Utils\Thread\Job">
      <UniqueIdentifier>{54af8f59-cf3f-4bf9-ba67-fbbeadfab10e}</UniqueIdentifier>
    </Filter>
    <Filter Include="Utils\Thread\Lock">
      <UniqueIdentifier>{55ef2332-9e53-49d6-8d84-4260aa1a939f}</UniqueIdentifier>
    </Filter>
    <Filter Include="Core\CommonType">
      <UniqueIdentifier>{51897e5a-fcdb-405e-ab91-679d987f1fc5}</UniqueIdentifier>
    </Filter>
    <Filter Include="Core\Resource\Package">
      <UniqueIdentifier>{813ddaf1-e0c7-405e-a348-3ea4bde4e3c6}</UniqueIdentifier>
    </Filter>
  </ItemGroup>
  <ItemGroup>
    <ClInclude Include="Core\Object.h">
      <Filter>Core</Filter>
    </ClInclude>
    <ClInclude Include="Reflection\Reflection.h">
      <Filter>Reflection</Filter>
    </ClInclude>
    <ClInclude Include="Reflection\TypeTrait.h">
      <Filter>Reflection</Filter>
    </ClInclude>
    <ClInclude Include="Utils\TypeUtils.h">
      <Filter>Utils</Filter>
    </ClInclude>
    <ClInclude Include="Core\World\Actor.h">
      <Filter>Core\World</Filter>
    </ClInclude>
    <ClInclude Include="Core\World\World.h">
      <Filter>Core\World</Filter>
    </ClInclude>
    <ClInclude Include="Graphics\Scene\Scene.h">
      <Filter>Graphics\Scene</Filter>
    </ClInclude>
    <ClInclude Include="CoreMinimum.h">
      <Filter>Headers\Minimum</Filter>
    </ClInclude>
    <ClInclude Include="GraphicMinimum.h">
      <Filter>Headers\Minimum</Filter>
    </ClInclude>
    <ClInclude Include="Defines.h">
      <Filter>Headers\Global</Filter>
    </ClInclude>
    <ClInclude Include="EnginePch.h">
      <Filter>Headers\Global</Filter>
    </ClInclude>
    <ClInclude Include="pch.h">
      <Filter>Headers\Global</Filter>
    </ClInclude>
    <ClInclude Include="Types.h">
      <Filter>Headers\Global</Filter>
    </ClInclude>
    <ClInclude Include="Core\Component\ActorComponent.h">
      <Filter>Core\Component</Filter>
    </ClInclude>
    <ClInclude Include="Reflection\Property.h">
      <Filter>Reflection</Filter>
    </ClInclude>
    <ClInclude Include="Reflection\InterfaceReflector.h">
      <Filter>Reflection</Filter>
    </ClInclude>
    <ClInclude Include="Reflection\TypeInfo.h">
      <Filter>Reflection\TypeInfo</Filter>
    </ClInclude>
    <ClInclude Include="Reflection\ObjectTypeInfo.h">
      <Filter>Reflection\TypeInfo</Filter>
    </ClInclude>
    <ClInclude Include="Reflection\DefaultTypeInfo.h">
      <Filter>Reflection\TypeInfo</Filter>
    </ClInclude>
    <ClInclude Include="Reflection\Method.h">
      <Filter>Reflection</Filter>
    </ClInclude>
    <ClInclude Include="Manager\ResourceManager.h">
      <Filter>Manager\Resources</Filter>
    </ClInclude>
    <ClInclude Include="Manager\ObjectManager.h">
      <Filter>Manager\Factory</Filter>
    </ClInclude>
    <ClInclude Include="Graphics\Viewport\SceneViewport.h">
      <Filter>Graphics\Viewport</Filter>
    </ClInclude>
    <ClInclude Include="Graphics\Viewport\Viewport.h">
      <Filter>Graphics\Viewport</Filter>
    </ClInclude>
    <ClInclude Include="Manager\TimeManager.h">
      <Filter>Manager\Utils</Filter>
    </ClInclude>
    <ClInclude Include="Manager\ThreadManager.h">
      <Filter>Manager\Factory</Filter>
    </ClInclude>
    <ClInclude Include="TLS.h">
      <Filter>Headers\Global</Filter>
    </ClInclude>
    <ClInclude Include="Utils\ObjectUtils.h">
      <Filter>Utils</Filter>
    </ClInclude>
    <ClInclude Include="Utils\Thread\Thread.h">
      <Filter>Utils\Thread</Filter>
    </ClInclude>
    <ClInclude Include="Core\App\Execute.h">
      <Filter>Core\App</Filter>
    </ClInclude>
    <ClInclude Include="Core\App\Game.h">
      <Filter>Core\App</Filter>
    </ClInclude>
    <ClInclude Include="Core\App\App.h">
      <Filter>Core\App</Filter>
    </ClInclude>
    <ClInclude Include="Manager\AppWindowManager.h">
      <Filter>Manager\Factory</Filter>
    </ClInclude>
    <ClInclude Include="Graphics\Viewport\ViewportComposite.h">
      <Filter>Graphics\Viewport</Filter>
    </ClInclude>
    <ClInclude Include="Utils\Memory\MemoryPool.h">
      <Filter>Utils\Memory</Filter>
    </ClInclude>
    <ClInclude Include="Utils\Memory\ObjectPool.h">
      <Filter>Utils\Memory</Filter>
    </ClInclude>
    <ClInclude Include="Utils\Debugger\Logger.h">
      <Filter>Utils\Debugger</Filter>
    </ClInclude>
    <ClInclude Include="Core\App\AppWindow\AppWindow.h">
      <Filter>Core\App\AppWindow</Filter>
    </ClInclude>
    <ClInclude Include="Core\App\AppWindow\GameAppWindow.h">
      <Filter>Core\App\AppWindow</Filter>
    </ClInclude>
    <ClInclude Include="Core\Archive.h">
      <Filter>Core</Filter>
    </ClInclude>
    <ClInclude Include="Core\GUID.h">
      <Filter>Core</Filter>
    </ClInclude>
    <ClInclude Include="Core\World\LevelPartition.h">
      <Filter>Core\World</Filter>
    </ClInclude>
    <ClInclude Include="Reflection\StructTypeInfo.h">
      <Filter>Reflection\TypeInfo</Filter>
    </ClInclude>
    <ClInclude Include="Core\Resource\Level.h">
      <Filter>Core\Resource</Filter>
    </ClInclude>
    <ClInclude Include="Core\Resource\Resource.h">
      <Filter>Core\Resource</Filter>
    </ClInclude>
    <ClInclude Include="Reflection\DefaultTypeInfo.inl">
      <Filter>Reflection\TypeInfo</Filter>
    </ClInclude>
    <ClInclude Include="Utils\TypeUtils.inl">
      <Filter>Utils</Filter>
    </ClInclude>
    <ClInclude Include="Reflection\CommonTypeInfo.h">
      <Filter>Reflection\TypeInfo</Filter>
    </ClInclude>
    <ClInclude Include="Core\App\Editor.h">
      <Filter>Core\App</Filter>
    </ClInclude>
    <ClInclude Include="Core\ObjectLinker.h">
      <Filter>Core</Filter>
    </ClInclude>
    <ClInclude Include="Utils\StringUtils.h">
      <Filter>Utils</Filter>
    </ClInclude>
    <ClInclude Include="Graphics\Viewport\LogViewport.h">
      <Filter>Graphics\Viewport</Filter>
    </ClInclude>
    <ClInclude Include="Manager\RenderManager.h">
      <Filter>Manager\Framework</Filter>
    </ClInclude>
    <ClInclude Include="Manager\BootSystem.h">
      <Filter>Manager\Framework</Filter>
    </ClInclude>
    <ClInclude Include="Utils\Thread\MainThread.h">
      <Filter>Utils\Thread</Filter>
    </ClInclude>
    <ClInclude Include="Utils\Thread\Job.h">
      <Filter>Utils\Thread\Job</Filter>
    </ClInclude>
    <ClInclude Include="Utils\Thread\JobQueue.h">
      <Filter>Utils\Thread\Job</Filter>
    </ClInclude>
    <ClInclude Include="Utils\Thread\Lock.h">
      <Filter>Utils\Thread\Lock</Filter>
    </ClInclude>
    <ClInclude Include="Utils\Thread\LockQueue.h">
      <Filter>Utils\Thread\Lock</Filter>
    </ClInclude>
    <ClInclude Include="Utils\Thread\MPSCJobQueue.h">
      <Filter>Utils\Thread\Job</Filter>
    </ClInclude>
    <ClInclude Include="Utils\Thread\RenderJobQueue.h">
      <Filter>Utils\Thread\Job</Filter>
    </ClInclude>
    <ClInclude Include="Manager\PathManager.h">
      <Filter>Manager\Utils</Filter>
    </ClInclude>
    <ClInclude Include="Core\CommonType\Delegate.h">
      <Filter>Core\CommonType</Filter>
    </ClInclude>
    <ClInclude Include="Core\CommonType\SoftObjectPtr.h">
      <Filter>Core\CommonType</Filter>
    </ClInclude>
    <ClInclude Include="Core\CommonType\SubClass.h">
      <Filter>Core\CommonType</Filter>
    </ClInclude>
    <ClInclude Include="Reflection\CommonTypeInfo.inl">
      <Filter>Reflection\TypeInfo</Filter>
    </ClInclude>
    <ClInclude Include="Core\Resource\BulkData.h">
      <Filter>Core\Resource</Filter>
    </ClInclude>
    <ClInclude Include="Manager\PackageManager.h">
      <Filter>Manager\Resources</Filter>
    </ClInclude>
    <ClInclude Include="Core\Resource\ResourceHeader.h">
      <Filter>Core\Resource</Filter>
    </ClInclude>
    <ClInclude Include="ManagerMaximum.h">
      <Filter>Headers\Minimum</Filter>
    </ClInclude>
    <ClInclude Include="Core\Resource\Package\Package.h">
      <Filter>Core\Resource\Package</Filter>
    </ClInclude>
    <ClInclude Include="Core\Resource\Package\PackageHeader.h">
      <Filter>Core\Resource\Package</Filter>
    </ClInclude>
    <ClInclude Include="Core\Resource\Package\PackageRuntimeOwner.h">
      <Filter>Core\Resource\Package</Filter>
    </ClInclude>
    <ClInclude Include="Core\Resource\Package\PackageInclude.h">
      <Filter>Core\Resource\Package</Filter>
    </ClInclude>
  </ItemGroup>
  <ItemGroup>
    <ClCompile Include="Core\Object.cpp">
      <Filter>Core</Filter>
    </ClCompile>
    <ClCompile Include="Utils\TypeUtils.cpp">
      <Filter>Utils</Filter>
    </ClCompile>
    <ClCompile Include="Core\World\Actor.cpp">
      <Filter>Core\World</Filter>
    </ClCompile>
    <ClCompile Include="Core\World\World.cpp">
      <Filter>Core\World</Filter>
    </ClCompile>
    <ClCompile Include="Graphics\Scene\Scene.cpp">
      <Filter>Graphics\Scene</Filter>
    </ClCompile>
    <ClCompile Include="pch.cpp">
      <Filter>Headers\Global</Filter>
    </ClCompile>
    <ClCompile Include="Core\Component\ActorComponent.cpp">
      <Filter>Core\Component</Filter>
    </ClCompile>
    <ClCompile Include="Reflection\Property.cpp">
      <Filter>Reflection</Filter>
    </ClCompile>
    <ClCompile Include="Reflection\InterfaceReflector.cpp">
      <Filter>Reflection</Filter>
    </ClCompile>
    <ClCompile Include="Reflection\TypeInfo.cpp">
      <Filter>Reflection\TypeInfo</Filter>
    </ClCompile>
    <ClCompile Include="Reflection\ObjectTypeInfo.cpp">
      <Filter>Reflection\TypeInfo</Filter>
    </ClCompile>
    <ClCompile Include="Reflection\DefaultTypeInfo.cpp">
      <Filter>Reflection\TypeInfo</Filter>
    </ClCompile>
    <ClCompile Include="Reflection\Method.cpp">
      <Filter>Reflection</Filter>
    </ClCompile>
    <ClCompile Include="Manager\ResourceManager.cpp">
      <Filter>Manager\Resources</Filter>
    </ClCompile>
    <ClCompile Include="Manager\ObjectManager.cpp">
      <Filter>Manager\Factory</Filter>
    </ClCompile>
    <ClCompile Include="Graphics\Viewport\SceneViewport.cpp">
      <Filter>Graphics\Viewport</Filter>
    </ClCompile>
    <ClCompile Include="Graphics\Viewport\Viewport.cpp">
      <Filter>Graphics\Viewport</Filter>
    </ClCompile>
    <ClCompile Include="Manager\TimeManager.cpp">
      <Filter>Manager\Utils</Filter>
    </ClCompile>
    <ClCompile Include="Manager\ThreadManager.cpp">
      <Filter>Manager\Factory</Filter>
    </ClCompile>
    <ClCompile Include="TLS.cpp">
      <Filter>Headers\Global</Filter>
    </ClCompile>
    <ClCompile Include="Utils\ObjectUtils.cpp">
      <Filter>Utils</Filter>
    </ClCompile>
    <ClCompile Include="Utils\Thread\Thread.cpp">
      <Filter>Utils\Thread</Filter>
    </ClCompile>
    <ClCompile Include="Core\App\Execute.cpp">
      <Filter>Core\App</Filter>
    </ClCompile>
    <ClCompile Include="Core\App\Game.cpp">
      <Filter>Core\App</Filter>
    </ClCompile>
    <ClCompile Include="Core\App\App.cpp">
      <Filter>Core\App</Filter>
    </ClCompile>
    <ClCompile Include="Manager\AppWindowManager.cpp">
      <Filter>Manager\Factory</Filter>
    </ClCompile>
    <ClCompile Include="Graphics\Viewport\ViewportComposite.cpp">
      <Filter>Graphics\Viewport</Filter>
    </ClCompile>
    <ClCompile Include="Utils\Memory\MemoryPool.cpp">
      <Filter>Utils\Memory</Filter>
    </ClCompile>
    <ClCompile Include="Utils\Memory\ObjectPool.cpp">
      <Filter>Utils\Memory</Filter>
    </ClCompile>
    <ClCompile Include="Utils\Debugger\Logger.cpp">
      <Filter>Utils\Debugger</Filter>
    </ClCompile>
    <ClCompile Include="Core\App\AppWindow\AppWindow.cpp">
      <Filter>Core\App\AppWindow</Filter>
    </ClCompile>
    <ClCompile Include="Core\App\AppWindow\GameAppWindow.cpp">
      <Filter>Core\App\AppWindow</Filter>
    </ClCompile>
    <ClCompile Include="Core\Archive.cpp">
      <Filter>Core</Filter>
    </ClCompile>
    <ClCompile Include="Core\GUID.cpp">
      <Filter>Core</Filter>
    </ClCompile>
    <ClCompile Include="Core\World\LevelPartition.cpp">
      <Filter>Core\World</Filter>
    </ClCompile>
    <ClCompile Include="Reflection\StructTypeInfo.cpp">
      <Filter>Reflection\TypeInfo</Filter>
    </ClCompile>
    <ClCompile Include="Core\Resource\Resource.cpp">
      <Filter>Core\Resource</Filter>
    </ClCompile>
    <ClCompile Include="Core\Resource\Level.cpp">
      <Filter>Core\Resource</Filter>
    </ClCompile>
    <ClCompile Include="Reflection\CommonTypeInfo.cpp">
      <Filter>Reflection\TypeInfo</Filter>
    </ClCompile>
    <ClCompile Include="Core\App\Editor.cpp">
      <Filter>Core\App</Filter>
    </ClCompile>
    <ClCompile Include="Core\ObjectLinker.cpp">
      <Filter>Core</Filter>
    </ClCompile>
    <ClCompile Include="Utils\StringUtils.cpp">
      <Filter>Utils</Filter>
    </ClCompile>
    <ClCompile Include="Graphics\Viewport\LogViewport.cpp">
      <Filter>Graphics\Viewport</Filter>
    </ClCompile>
    <ClCompile Include="Manager\RenderManager.cpp">
      <Filter>Manager\Framework</Filter>
    </ClCompile>
    <ClCompile Include="Manager\BootSystem.cpp">
      <Filter>Manager\Framework</Filter>
    </ClCompile>
    <ClCompile Include="Utils\Thread\MainThread.cpp">
      <Filter>Utils\Thread</Filter>
    </ClCompile>
    <ClCompile Include="Utils\Thread\Job.cpp">
      <Filter>Utils\Thread\Job</Filter>
    </ClCompile>
    <ClCompile Include="Utils\Thread\JobQueue.cpp">
      <Filter>Utils\Thread\Job</Filter>
    </ClCompile>
    <ClCompile Include="Utils\Thread\Lock.cpp">
      <Filter>Utils\Thread\Lock</Filter>
    </ClCompile>
    <ClCompile Include="Utils\Thread\LockQueue.cpp">
      <Filter>Utils\Thread\Lock</Filter>
    </ClCompile>
    <ClCompile Include="Utils\Thread\MPSCJobQueue.cpp">
      <Filter>Utils\Thread\Job</Filter>
    </ClCompile>
    <ClCompile Include="Utils\Thread\RenderJobQueue.cpp">
      <Filter>Utils\Thread\Job</Filter>
    </ClCompile>
    <ClCompile Include="Manager\PathManager.cpp">
      <Filter>Manager\Utils</Filter>
    </ClCompile>
    <ClCompile Include="Core\CommonType\Delegate.cpp">
      <Filter>Core\CommonType</Filter>
    </ClCompile>
    <ClCompile Include="Core\CommonType\SoftObjectPtr.cpp">
      <Filter>Core\CommonType</Filter>
    </ClCompile>
    <ClCompile Include="Core\CommonType\SubClass.cpp">
      <Filter>Core\CommonType</Filter>
    </ClCompile>
    <ClCompile Include="Core\Resource\BulkData.cpp">
      <Filter>Core\Resource</Filter>
    </ClCompile>
    <ClCompile Include="Manager\PackageManager.cpp">
      <Filter>Manager\Resources</Filter>
    </ClCompile>
    <ClCompile Include="Core\Resource\ResourceHeader.cpp">
      <Filter>Core\Resource</Filter>
    </ClCompile>
    <ClCompile Include="Core\Resource\Package\Package.cpp">
      <Filter>Core\Resource\Package</Filter>
    </ClCompile>
    <ClCompile Include="Core\Resource\Package\PackageHeader.cpp">
      <Filter>Core\Resource\Package</Filter>
    </ClCompile>
    <ClCompile Include="Core\Resource\Package\PackageRuntimeOwner.cpp">
      <Filter>Core\Resource\Package</Filter>
    </ClCompile>
  </ItemGroup>
  <ItemGroup>
    <None Include="IncludeCopy.bat" />
  </ItemGroup>
</Project>