<?xml version="1.0" encoding="utf-8"?>
<Project ToolsVersion="4.0" xmlns="http://schemas.microsoft.com/developer/msbuild/2003">
  <ItemGroup>
    <Filter Include="Core">
      <UniqueIdentifier>{b0d85abc-626a-4e19-9071-f41277adfb97}</UniqueIdentifier>
    </Filter>
    <Filter Include="Utils">
      <UniqueIdentifier>{795b77ee-6f8c-41aa-b99c-73a30bf6c585}</UniqueIdentifier>
    </Filter>
    <Filter Include="Headers">
      <UniqueIdentifier>{7b549795-461f-4b0e-904e-755eb2f999a7}</UniqueIdentifier>
    </Filter>
    <Filter Include="Reflection">
      <UniqueIdentifier>{de8f2ec4-195d-4db0-8a28-3e151d2bb882}</UniqueIdentifier>
    </Filter>
    <Filter Include="Core\World">
      <UniqueIdentifier>{4071671f-1d9b-4c0f-aab4-59accde801ee}</UniqueIdentifier>
    </Filter>
    <Filter Include="Graphics">
      <UniqueIdentifier>{ee3d1452-c666-4b08-996d-3fd69af92025}</UniqueIdentifier>
    </Filter>
    <Filter Include="Graphics\Scene">
      <UniqueIdentifier>{b947935e-6ea6-4e69-b600-585c54ffea19}</UniqueIdentifier>
    </Filter>
    <Filter Include="Manager">
      <UniqueIdentifier>{fc75f0c4-72d8-4a09-951f-db5c12acf6c3}</UniqueIdentifier>
    </Filter>
    <Filter Include="Headers\Minimum">
      <UniqueIdentifier>{272a34c2-df18-4c9f-a204-291ea2f96d4a}</UniqueIdentifier>
    </Filter>
    <Filter Include="Headers\Global">
      <UniqueIdentifier>{05da2091-25e3-4c6d-a459-c095ee31a0af}</UniqueIdentifier>
    </Filter>
    <Filter Include="Core\Component">
      <UniqueIdentifier>{97d1e3e2-3653-4744-a374-215f1f635cdc}</UniqueIdentifier>
    </Filter>
    <Filter Include="Reflection\TypeInfo">
      <UniqueIdentifier>{ba2a2fc2-7daa-4d0f-8afc-2866ebbb70d9}</UniqueIdentifier>
    </Filter>
    <Filter Include="Graphics\Viewport">
      <UniqueIdentifier>{da77c887-8236-4598-9eb1-c7ae338d01f1}</UniqueIdentifier>
    </Filter>
    <Filter Include="Utils\Memory">
      <UniqueIdentifier>{4640cd47-e76e-4623-a539-94baa492f242}</UniqueIdentifier>
    </Filter>
    <Filter Include="Utils\Thread">
      <UniqueIdentifier>{90b4a2d9-2314-4379-b824-8eaa661a7e28}</UniqueIdentifier>
    </Filter>
    <Filter Include="Core\App">
      <UniqueIdentifier>{a29523b9-dc78-4f1c-8faa-73fc0c1351bf}</UniqueIdentifier>
    </Filter>
    <Filter Include="Core\App\AppWindow">
      <UniqueIdentifier>{b266870c-9519-451e-91c7-f0084b8476aa}</UniqueIdentifier>
    </Filter>
    <Filter Include="Core\Resource">
      <UniqueIdentifier>{b5a3c4f4-e007-40ec-96ac-b79bd43f5cec}</UniqueIdentifier>
    </Filter>
    <Filter Include="Manager\Factory">
      <UniqueIdentifier>{8202eb28-fc7e-4d1c-8cda-b53b3589510b}</UniqueIdentifier>
    </Filter>
    <Filter Include="Manager\Resources">
      <UniqueIdentifier>{0e3464f2-463d-4a73-8d01-90943b4c58ff}</UniqueIdentifier>
    </Filter>
    <Filter Include="Manager\Utils">
      <UniqueIdentifier>{61931180-112c-46ad-b331-7df3f7de5f83}</UniqueIdentifier>
    </Filter>
    <Filter Include="Manager\Framework">
      <UniqueIdentifier>{5510128c-b711-4688-9416-c4663aa3f0b4}</UniqueIdentifier>
    </Filter>
    <Filter Include="Utils\Thread\Job">
      <UniqueIdentifier>{54af8f59-cf3f-4bf9-ba67-fbbeadfab10e}</UniqueIdentifier>
    </Filter>
    <Filter Include="Utils\Thread\Lock">
      <UniqueIdentifier>{55ef2332-9e53-49d6-8d84-4260aa1a939f}</UniqueIdentifier>
    </Filter>
    <Filter Include="Core\CommonType">
      <UniqueIdentifier>{51897e5a-fcdb-405e-ab91-679d987f1fc5}</UniqueIdentifier>
    </Filter>
    <Filter Include="Core\Resource\Package">
      <UniqueIdentifier>{813ddaf1-e0c7-405e-a348-3ea4bde4e3c6}</UniqueIdentifier>
    </Filter>
    <Filter Include="Headers\Maximum">
      <UniqueIdentifier>{be07c835-ac03-4450-b53a-117f8d0ea598}</UniqueIdentifier>
    </Filter>
    <Filter Include="Input">
      <UniqueIdentifier>{adf82c6c-45a8-4905-ba5d-b480201dc9e5}</UniqueIdentifier>
    </Filter>
    <Filter Include="Utils\Wrapper">
      <UniqueIdentifier>{96477a0f-ada8-4e35-9435-e37ce2489da2}</UniqueIdentifier>
    </Filter>
    <Filter Include="Graphics\Buffer">
      <UniqueIdentifier>{d14c6408-4539-4f28-836e-190eb22aaed7}</UniqueIdentifier>
    </Filter>
    <Filter Include="Graphics\Resource">
      <UniqueIdentifier>{6c975edd-f614-4a10-a40e-41ed1d60e76a}</UniqueIdentifier>
    </Filter>
    <Filter Include="Core\Collision">
      <UniqueIdentifier>{8ff7f20f-ac60-4fd7-8e43-5b1769fd181a}</UniqueIdentifier>
    </Filter>
    <Filter Include="Graphics\Widget">
      <UniqueIdentifier>{1aaf3193-3eff-40e5-9cbd-01b508d7c594}</UniqueIdentifier>
    </Filter>
    <Filter Include="Graphics\Widget\Slot">
      <UniqueIdentifier>{141da37a-e9cc-4213-8e7b-9eaddaaf4867}</UniqueIdentifier>
    </Filter>
    <Filter Include="Graphics\Widget\Type">
      <UniqueIdentifier>{19d05465-9248-4b49-996b-72ac36dd3b99}</UniqueIdentifier>
    </Filter>
    <Filter Include="Graphics\Render">
      <UniqueIdentifier>{fedca82e-7803-4c74-9a3a-4f9705c0f2ce}</UniqueIdentifier>
    </Filter>
    <Filter Include="Graphics\State">
      <UniqueIdentifier>{972f80e1-a820-4464-849a-052d198a06fa}</UniqueIdentifier>
    </Filter>
    <Filter Include="HLSL">
      <UniqueIdentifier>{74a863fb-938c-4a96-b0aa-20df29bfe30c}</UniqueIdentifier>
    </Filter>
    <Filter Include="HLSL\Common">
      <UniqueIdentifier>{9bd57227-2f9d-489e-a83e-d583c48ee2dd}</UniqueIdentifier>
    </Filter>
  </ItemGroup>
  <ItemGroup>
    <ClInclude Include="Core\Object.h">
      <Filter>Core</Filter>
    </ClInclude>
    <ClInclude Include="Reflection\Reflection.h">
      <Filter>Reflection</Filter>
    </ClInclude>
    <ClInclude Include="Reflection\TypeTrait.h">
      <Filter>Reflection</Filter>
    </ClInclude>
    <ClInclude Include="Utils\TypeUtils.h">
      <Filter>Utils</Filter>
    </ClInclude>
    <ClInclude Include="Core\World\Actor.h">
      <Filter>Core\World</Filter>
    </ClInclude>
    <ClInclude Include="Core\World\World.h">
      <Filter>Core\World</Filter>
    </ClInclude>
    <ClInclude Include="Graphics\Scene\Scene.h">
      <Filter>Graphics\Scene</Filter>
    </ClInclude>
    <ClInclude Include="CoreMinimum.h">
      <Filter>Headers\Minimum</Filter>
    </ClInclude>
    <ClInclude Include="GraphicMinimum.h">
      <Filter>Headers\Minimum</Filter>
    </ClInclude>
    <ClInclude Include="Defines.h">
      <Filter>Headers\Global</Filter>
    </ClInclude>
    <ClInclude Include="EnginePch.h">
      <Filter>Headers\Global</Filter>
    </ClInclude>
    <ClInclude Include="pch.h">
      <Filter>Headers\Global</Filter>
    </ClInclude>
    <ClInclude Include="Types.h">
      <Filter>Headers\Global</Filter>
    </ClInclude>
    <ClInclude Include="Core\Component\ActorComponent.h">
      <Filter>Core\Component</Filter>
    </ClInclude>
    <ClInclude Include="Reflection\Property.h">
      <Filter>Reflection</Filter>
    </ClInclude>
    <ClInclude Include="Reflection\InterfaceReflector.h">
      <Filter>Reflection</Filter>
    </ClInclude>
    <ClInclude Include="Reflection\TypeInfo.h">
      <Filter>Reflection\TypeInfo</Filter>
    </ClInclude>
    <ClInclude Include="Reflection\ObjectTypeInfo.h">
      <Filter>Reflection\TypeInfo</Filter>
    </ClInclude>
    <ClInclude Include="Reflection\DefaultTypeInfo.h">
      <Filter>Reflection\TypeInfo</Filter>
    </ClInclude>
    <ClInclude Include="Reflection\Method.h">
      <Filter>Reflection</Filter>
    </ClInclude>
    <ClInclude Include="Manager\ResourceManager.h">
      <Filter>Manager\Resources</Filter>
    </ClInclude>
    <ClInclude Include="Manager\ObjectManager.h">
      <Filter>Manager\Factory</Filter>
    </ClInclude>
    <ClInclude Include="Graphics\Viewport\Viewport.h">
      <Filter>Graphics\Viewport</Filter>
    </ClInclude>
    <ClInclude Include="Manager\TimeManager.h">
      <Filter>Manager\Utils</Filter>
    </ClInclude>
    <ClInclude Include="Manager\ThreadManager.h">
      <Filter>Manager\Factory</Filter>
    </ClInclude>
    <ClInclude Include="TLS.h">
      <Filter>Headers\Global</Filter>
    </ClInclude>
    <ClInclude Include="Utils\ObjectUtils.h">
      <Filter>Utils</Filter>
    </ClInclude>
    <ClInclude Include="Utils\Thread\Thread.h">
      <Filter>Utils\Thread</Filter>
    </ClInclude>
    <ClInclude Include="Core\App\Execute.h">
      <Filter>Core\App</Filter>
    </ClInclude>
    <ClInclude Include="Core\App\Game.h">
      <Filter>Core\App</Filter>
    </ClInclude>
    <ClInclude Include="Core\App\App.h">
      <Filter>Core\App</Filter>
    </ClInclude>
    <ClInclude Include="Manager\AppWindowManager.h">
      <Filter>Manager\Factory</Filter>
    </ClInclude>
    <ClInclude Include="Utils\Memory\MemoryPool.h">
      <Filter>Utils\Memory</Filter>
    </ClInclude>
    <ClInclude Include="Utils\Memory\ObjectPool.h">
      <Filter>Utils\Memory</Filter>
    </ClInclude>
    <ClInclude Include="Core\App\AppWindow\AppWindow.h">
      <Filter>Core\App\AppWindow</Filter>
    </ClInclude>
    <ClInclude Include="Core\App\AppWindow\GameAppWindow.h">
      <Filter>Core\App\AppWindow</Filter>
    </ClInclude>
    <ClInclude Include="Core\Archive.h">
      <Filter>Core</Filter>
    </ClInclude>
    <ClInclude Include="Core\GUID.h">
      <Filter>Core</Filter>
    </ClInclude>
    <ClInclude Include="Core\World\LevelPartition.h">
      <Filter>Core\World</Filter>
    </ClInclude>
    <ClInclude Include="Reflection\StructTypeInfo.h">
      <Filter>Reflection\TypeInfo</Filter>
    </ClInclude>
    <ClInclude Include="Core\Resource\Level.h">
      <Filter>Core\Resource</Filter>
    </ClInclude>
    <ClInclude Include="Core\Resource\Resource.h">
      <Filter>Core\Resource</Filter>
    </ClInclude>
    <ClInclude Include="Reflection\DefaultTypeInfo.inl">
      <Filter>Reflection\TypeInfo</Filter>
    </ClInclude>
    <ClInclude Include="Utils\TypeUtils.inl">
      <Filter>Utils</Filter>
    </ClInclude>
    <ClInclude Include="Reflection\CommonTypeInfo.h">
      <Filter>Reflection\TypeInfo</Filter>
    </ClInclude>
    <ClInclude Include="Core\ObjectLinker.h">
      <Filter>Core</Filter>
    </ClInclude>
    <ClInclude Include="Utils\StringUtils.h">
      <Filter>Utils</Filter>
    </ClInclude>
    <ClInclude Include="Graphics\Viewport\DXViewport.h">
      <Filter>Graphics\Viewport</Filter>
    </ClInclude>
    <ClInclude Include="Manager\RenderManager.h">
      <Filter>Manager\Framework</Filter>
    </ClInclude>
    <ClInclude Include="Manager\BootSystem.h">
      <Filter>Manager\Framework</Filter>
    </ClInclude>
    <ClInclude Include="Utils\Thread\MainThread.h">
      <Filter>Utils\Thread</Filter>
    </ClInclude>
    <ClInclude Include="Utils\Thread\Job.h">
      <Filter>Utils\Thread\Job</Filter>
    </ClInclude>
    <ClInclude Include="Utils\Thread\JobQueue.h">
      <Filter>Utils\Thread\Job</Filter>
    </ClInclude>
    <ClInclude Include="Utils\Thread\Lock.h">
      <Filter>Utils\Thread\Lock</Filter>
    </ClInclude>
    <ClInclude Include="Utils\Thread\LockQueue.h">
      <Filter>Utils\Thread\Lock</Filter>
    </ClInclude>
    <ClInclude Include="Utils\Thread\MPSCJobQueue.h">
      <Filter>Utils\Thread\Job</Filter>
    </ClInclude>
    <ClInclude Include="Utils\Thread\SceneJobQueue.h">
      <Filter>Utils\Thread\Job</Filter>
    </ClInclude>
    <ClInclude Include="Manager\PathManager.h">
      <Filter>Manager\Utils</Filter>
    </ClInclude>
    <ClInclude Include="Core\CommonType\Delegate.h">
      <Filter>Core\CommonType</Filter>
    </ClInclude>
    <ClInclude Include="Core\CommonType\SoftObjectPtr.h">
      <Filter>Core\CommonType</Filter>
    </ClInclude>
    <ClInclude Include="Core\CommonType\SubClass.h">
      <Filter>Core\CommonType</Filter>
    </ClInclude>
    <ClInclude Include="Reflection\CommonTypeInfo.inl">
      <Filter>Reflection\TypeInfo</Filter>
    </ClInclude>
    <ClInclude Include="Core\Resource\BulkData.h">
      <Filter>Core\Resource</Filter>
    </ClInclude>
    <ClInclude Include="Manager\PackageManager.h">
      <Filter>Manager\Resources</Filter>
    </ClInclude>
    <ClInclude Include="Core\Resource\ResourceHeader.h">
      <Filter>Core\Resource</Filter>
    </ClInclude>
    <ClInclude Include="Core\Resource\Package\Package.h">
      <Filter>Core\Resource\Package</Filter>
    </ClInclude>
    <ClInclude Include="Core\Resource\Package\PackageHeader.h">
      <Filter>Core\Resource\Package</Filter>
    </ClInclude>
    <ClInclude Include="Core\Resource\Package\PackageRuntimeOwner.h">
      <Filter>Core\Resource\Package</Filter>
    </ClInclude>
    <ClInclude Include="Core\Resource\Package\PackageInclude.h">
      <Filter>Core\Resource\Package</Filter>
    </ClInclude>
    <ClInclude Include="Manager\InputManager.h">
      <Filter>Manager\Utils</Filter>
    </ClInclude>
    <ClInclude Include="ManagerMaximum.h">
      <Filter>Headers\Maximum</Filter>
    </ClInclude>
    <ClInclude Include="Input\InputAction.h">
      <Filter>Input</Filter>
    </ClInclude>
    <ClInclude Include="Input\InputMapping.h">
      <Filter>Input</Filter>
    </ClInclude>
    <ClInclude Include="Input\InputInclude.h">
      <Filter>Input</Filter>
    </ClInclude>
    <ClInclude Include="Utils\InputUtils.h">
      <Filter>Utils</Filter>
    </ClInclude>
    <ClInclude Include="Input\InputBinding.h">
      <Filter>Input</Filter>
    </ClInclude>
    <ClInclude Include="Input\InputValue.h">
      <Filter>Input</Filter>
    </ClInclude>
    <ClInclude Include="Core\App\AppModeBase.h">
      <Filter>Core\App</Filter>
    </ClInclude>
    <ClInclude Include="Utils\Wrapper\SimpleMathWrapper.h">
      <Filter>Utils\Wrapper</Filter>
    </ClInclude>
    <ClInclude Include="Utils\Thread\RefCounting.h">
      <Filter>Utils\Thread</Filter>
    </ClInclude>
    <ClInclude Include="Graphics\DXSwapChain.h">
      <Filter>Graphics</Filter>
    </ClInclude>
    <ClInclude Include="Graphics\Buffer\DXIndexBuffer.h">
      <Filter>Graphics\Buffer</Filter>
    </ClInclude>
    <ClInclude Include="Graphics\Buffer\DXVertexBuffer.h">
      <Filter>Graphics\Buffer</Filter>
    </ClInclude>
    <ClInclude Include="Manager\DXGraphicSystem.h">
      <Filter>Manager\Framework</Filter>
    </ClInclude>
    <ClInclude Include="Graphics\DXDefaultVertexData.h">
      <Filter>Graphics</Filter>
    </ClInclude>
    <ClInclude Include="Graphics\Buffer\DXInstancingBuffer.h">
      <Filter>Graphics\Buffer</Filter>
    </ClInclude>
    <ClInclude Include="Utils\MathUtils.h">
      <Filter>Utils</Filter>
    </ClInclude>
    <ClInclude Include="Graphics\Buffer\DXConstantBuffer.h">
      <Filter>Graphics\Buffer</Filter>
    </ClInclude>
    <ClInclude Include="Graphics\Buffer\DXStructureBuffer.h">
      <Filter>Graphics\Buffer</Filter>
    </ClInclude>
    <ClInclude Include="Graphics\Buffer\DXComputeTextureBuffer.h">
      <Filter>Graphics\Buffer</Filter>
    </ClInclude>
    <ClInclude Include="Graphics\Resource\DXTexture.h">
      <Filter>Graphics\Resource</Filter>
    </ClInclude>
    <ClInclude Include="Core\Resource\Texture.h">
      <Filter>Core\Resource</Filter>
    </ClInclude>
    <ClInclude Include="Graphics\Resource\DXStaticMesh.h">
      <Filter>Graphics\Resource</Filter>
    </ClInclude>
    <ClInclude Include="Graphics\Resource\DXResourceInclude.h">
      <Filter>Graphics\Resource</Filter>
    </ClInclude>
    <ClInclude Include="Core\Component\SceneComponent.h">
      <Filter>Core\Component</Filter>
    </ClInclude>
    <ClInclude Include="Core\Component\PrimitiveComponent.h">
      <Filter>Core\Component</Filter>
    </ClInclude>
    <ClInclude Include="Core\Transform.h">
      <Filter>Core</Filter>
    </ClInclude>
    <ClInclude Include="Core\Collision\CollisionInclude.h">
      <Filter>Core\Collision</Filter>
    </ClInclude>
    <ClInclude Include="Graphics\Widget\Widget.h">
      <Filter>Graphics\Widget</Filter>
    </ClInclude>
    <ClInclude Include="Input\InputState.h">
      <Filter>Input</Filter>
    </ClInclude>
    <ClInclude Include="Manager\WorldGameInputManager.h">
      <Filter>Manager\Utils</Filter>
    </ClInclude>
    <ClInclude Include="Manager\WorldManagerBase.h">
      <Filter>Manager</Filter>
    </ClInclude>
    <ClInclude Include="Graphics\Widget\Slot\WidgetSlot.h">
      <Filter>Graphics\Widget\Slot</Filter>
    </ClInclude>
    <ClInclude Include="Graphics\Widget\CompoundWidget.h">
      <Filter>Graphics\Widget</Filter>
    </ClInclude>
    <ClInclude Include="Graphics\Widget\Type\ArrangedWidget.h">
      <Filter>Graphics\Widget\Type</Filter>
    </ClInclude>
    <ClInclude Include="Graphics\Widget\Type\HitTestGrid.h">
      <Filter>Graphics\Widget\Type</Filter>
    </ClInclude>
    <ClInclude Include="Graphics\Widget\Type\WidgetGeometry.h">
      <Filter>Graphics\Widget\Type</Filter>
    </ClInclude>
    <ClInclude Include="Graphics\Widget\Type\WidgetPath.h">
      <Filter>Graphics\Widget\Type</Filter>
    </ClInclude>
    <ClInclude Include="Graphics\Widget\Type\PaintArgs.h">
      <Filter>Graphics\Widget\Type</Filter>
    </ClInclude>
    <ClInclude Include="Graphics\Render\WidgetDrawBuffer.h">
      <Filter>Graphics\Render</Filter>
    </ClInclude>
    <ClInclude Include="Graphics\Render\RenderInclude.h">
      <Filter>Graphics\Render</Filter>
    </ClInclude>
    <ClInclude Include="Graphics\Widget\Type\WidgetBrush.h">
      <Filter>Graphics\Widget\Type</Filter>
    </ClInclude>
    <ClInclude Include="Graphics\Widget\PanelWidget.h">
      <Filter>Graphics\Widget</Filter>
    </ClInclude>
    <ClInclude Include="Graphics\Widget\Type\WidgetTypeInclude.h">
      <Filter>Graphics\Widget\Type</Filter>
    </ClInclude>
    <ClInclude Include="Graphics\Widget\Slot\WidgetSlotOption.h">
      <Filter>Graphics\Widget\Slot</Filter>
    </ClInclude>
    <ClInclude Include="Core\App\InputMessageData.h">
      <Filter>Core\App</Filter>
    </ClInclude>
    <ClInclude Include="Input\InputEvent.h">
      <Filter>Input</Filter>
    </ClInclude>
    <ClInclude Include="Graphics\Resource\DXShader.h">
      <Filter>Graphics\Resource</Filter>
    </ClInclude>
    <ClInclude Include="Graphics\Resource\DXInputLayout.h">
      <Filter>Graphics\Resource</Filter>
    </ClInclude>
    <ClInclude Include="Graphics\Resource\DXResource.h">
      <Filter>Graphics\Resource</Filter>
    </ClInclude>
    <ClInclude Include="Graphics\DXReflectionMetaData.h">
      <Filter>Graphics</Filter>
    </ClInclude>
    <ClInclude Include="Graphics\State\DXSamplerState.h">
      <Filter>Graphics\State</Filter>
    </ClInclude>
    <ClInclude Include="Graphics\Resource\DXMaterial.h">
      <Filter>Graphics\Resource</Filter>
    </ClInclude>
    <ClInclude Include="Graphics\State\DXBlendState.h">
      <Filter>Graphics\State</Filter>
    </ClInclude>
    <ClInclude Include="Graphics\State\DXRasterizerState.h">
      <Filter>Graphics\State</Filter>
    </ClInclude>
    <ClInclude Include="Core\Resource\Material.h">
      <Filter>Core\Resource</Filter>
    </ClInclude>
    <ClInclude Include="Core\Resource\ConstantData.h">
      <Filter>Core\Resource</Filter>
    </ClInclude>
    <ClInclude Include="Utils\GeometryUtils.h">
      <Filter>Utils</Filter>
    </ClInclude>
    <ClInclude Include="Graphics\Render\DXWidgetBatchMesh.h">
      <Filter>Graphics\Render</Filter>
    </ClInclude>
    <ClInclude Include="Utils\Thread\DeadLockProfiler.h">
      <Filter>Utils\Thread\Lock</Filter>
    </ClInclude>
    <ClInclude Include="Graphics\Widget\VirtualWindowContent.h">
      <Filter>Graphics\Widget</Filter>
    </ClInclude>
    <ClInclude Include="Graphics\Widget\VirtualWindow.h">
      <Filter>Graphics\Widget</Filter>
    </ClInclude>
    <ClInclude Include="Graphics\Widget\VirtualWindowSplitter.h">
      <Filter>Graphics\Widget</Filter>
    </ClInclude>
    <ClInclude Include="Graphics\Widget\Splitter.h">
      <Filter>Graphics\Widget</Filter>
    </ClInclude>
    <ClInclude Include="Utils\WidgetUtils.h">
      <Filter>Utils</Filter>
    </ClInclude>
    <ClInclude Include="Graphics\Widget\Type\Attribute.h">
      <Filter>Graphics\Widget\Type</Filter>
    </ClInclude>
    <ClInclude Include="Graphics\Widget\Type\WidgetStyle.h">
      <Filter>Graphics\Widget\Type</Filter>
    </ClInclude>
    <ClInclude Include="Graphics\Widget\BoxPanelWidget.h">
      <Filter>Graphics\Widget</Filter>
    </ClInclude>
    <ClInclude Include="Graphics\Widget\Slot\WidgetSlotSizeParams.h">
      <Filter>Graphics\Widget\Slot</Filter>
    </ClInclude>
    <ClInclude Include="Graphics\Widget\Border.h">
      <Filter>Graphics\Widget</Filter>
    </ClInclude>
    <ClInclude Include="Graphics\Widget\Spacer.h">
      <Filter>Graphics\Widget</Filter>
    </ClInclude>
    <ClInclude Include="Graphics\Widget\Image.h">
      <Filter>Graphics\Widget</Filter>
    </ClInclude>
    <ClInclude Include="Graphics\Widget\TextBlock.h">
      <Filter>Graphics\Widget</Filter>
    </ClInclude>
    <ClInclude Include="Core\Resource\Font.h">
      <Filter>Core\Resource</Filter>
    </ClInclude>
    <ClInclude Include="Graphics\DXConstantData.h">
      <Filter>Graphics</Filter>
    </ClInclude>
    <ClInclude Include="Graphics\Widget\Type\WidgetFontData.h">
      <Filter>Graphics\Widget\Type</Filter>
    </ClInclude>
    <ClInclude Include="Manager\WidgetStyleManager.h">
      <Filter>Manager\Factory</Filter>
    </ClInclude>
    <ClInclude Include="Graphics\Widget\Type\WidgetTextCache.h">
      <Filter>Graphics\Widget\Type</Filter>
    </ClInclude>
  </ItemGroup>
  <ItemGroup>
    <ClCompile Include="Core\Object.cpp">
      <Filter>Core</Filter>
    </ClCompile>
    <ClCompile Include="Utils\TypeUtils.cpp">
      <Filter>Utils</Filter>
    </ClCompile>
    <ClCompile Include="Core\World\Actor.cpp">
      <Filter>Core\World</Filter>
    </ClCompile>
    <ClCompile Include="Core\World\World.cpp">
      <Filter>Core\World</Filter>
    </ClCompile>
    <ClCompile Include="Graphics\Scene\Scene.cpp">
      <Filter>Graphics\Scene</Filter>
    </ClCompile>
    <ClCompile Include="pch.cpp">
      <Filter>Headers\Global</Filter>
    </ClCompile>
    <ClCompile Include="Core\Component\ActorComponent.cpp">
      <Filter>Core\Component</Filter>
    </ClCompile>
    <ClCompile Include="Reflection\Property.cpp">
      <Filter>Reflection</Filter>
    </ClCompile>
    <ClCompile Include="Reflection\InterfaceReflector.cpp">
      <Filter>Reflection</Filter>
    </ClCompile>
    <ClCompile Include="Reflection\TypeInfo.cpp">
      <Filter>Reflection\TypeInfo</Filter>
    </ClCompile>
    <ClCompile Include="Reflection\ObjectTypeInfo.cpp">
      <Filter>Reflection\TypeInfo</Filter>
    </ClCompile>
    <ClCompile Include="Reflection\DefaultTypeInfo.cpp">
      <Filter>Reflection\TypeInfo</Filter>
    </ClCompile>
    <ClCompile Include="Reflection\Method.cpp">
      <Filter>Reflection</Filter>
    </ClCompile>
    <ClCompile Include="Manager\ResourceManager.cpp">
      <Filter>Manager\Resources</Filter>
    </ClCompile>
    <ClCompile Include="Manager\ObjectManager.cpp">
      <Filter>Manager\Factory</Filter>
    </ClCompile>
    <ClCompile Include="Graphics\Viewport\Viewport.cpp">
      <Filter>Graphics\Viewport</Filter>
    </ClCompile>
    <ClCompile Include="Manager\TimeManager.cpp">
      <Filter>Manager\Utils</Filter>
    </ClCompile>
    <ClCompile Include="Manager\ThreadManager.cpp">
      <Filter>Manager\Factory</Filter>
    </ClCompile>
    <ClCompile Include="TLS.cpp">
      <Filter>Headers\Global</Filter>
    </ClCompile>
    <ClCompile Include="Utils\ObjectUtils.cpp">
      <Filter>Utils</Filter>
    </ClCompile>
    <ClCompile Include="Utils\Thread\Thread.cpp">
      <Filter>Utils\Thread</Filter>
    </ClCompile>
    <ClCompile Include="Core\App\Execute.cpp">
      <Filter>Core\App</Filter>
    </ClCompile>
    <ClCompile Include="Core\App\Game.cpp">
      <Filter>Core\App</Filter>
    </ClCompile>
    <ClCompile Include="Core\App\App.cpp">
      <Filter>Core\App</Filter>
    </ClCompile>
    <ClCompile Include="Manager\AppWindowManager.cpp">
      <Filter>Manager\Factory</Filter>
    </ClCompile>
    <ClCompile Include="Utils\Memory\MemoryPool.cpp">
      <Filter>Utils\Memory</Filter>
    </ClCompile>
    <ClCompile Include="Utils\Memory\ObjectPool.cpp">
      <Filter>Utils\Memory</Filter>
    </ClCompile>
    <ClCompile Include="Core\App\AppWindow\AppWindow.cpp">
      <Filter>Core\App\AppWindow</Filter>
    </ClCompile>
    <ClCompile Include="Core\App\AppWindow\GameAppWindow.cpp">
      <Filter>Core\App\AppWindow</Filter>
    </ClCompile>
    <ClCompile Include="Core\Archive.cpp">
      <Filter>Core</Filter>
    </ClCompile>
    <ClCompile Include="Core\GUID.cpp">
      <Filter>Core</Filter>
    </ClCompile>
    <ClCompile Include="Core\World\LevelPartition.cpp">
      <Filter>Core\World</Filter>
    </ClCompile>
    <ClCompile Include="Reflection\StructTypeInfo.cpp">
      <Filter>Reflection\TypeInfo</Filter>
    </ClCompile>
    <ClCompile Include="Core\Resource\Resource.cpp">
      <Filter>Core\Resource</Filter>
    </ClCompile>
    <ClCompile Include="Core\Resource\Level.cpp">
      <Filter>Core\Resource</Filter>
    </ClCompile>
    <ClCompile Include="Reflection\CommonTypeInfo.cpp">
      <Filter>Reflection\TypeInfo</Filter>
    </ClCompile>
    <ClCompile Include="Core\ObjectLinker.cpp">
      <Filter>Core</Filter>
    </ClCompile>
    <ClCompile Include="Utils\StringUtils.cpp">
      <Filter>Utils</Filter>
    </ClCompile>
    <ClCompile Include="Manager\RenderManager.cpp">
      <Filter>Manager\Framework</Filter>
    </ClCompile>
    <ClCompile Include="Manager\BootSystem.cpp">
      <Filter>Manager\Framework</Filter>
    </ClCompile>
    <ClCompile Include="Utils\Thread\MainThread.cpp">
      <Filter>Utils\Thread</Filter>
    </ClCompile>
    <ClCompile Include="Utils\Thread\Job.cpp">
      <Filter>Utils\Thread\Job</Filter>
    </ClCompile>
    <ClCompile Include="Utils\Thread\JobQueue.cpp">
      <Filter>Utils\Thread\Job</Filter>
    </ClCompile>
    <ClCompile Include="Utils\Thread\Lock.cpp">
      <Filter>Utils\Thread\Lock</Filter>
    </ClCompile>
    <ClCompile Include="Utils\Thread\LockQueue.cpp">
      <Filter>Utils\Thread\Lock</Filter>
    </ClCompile>
    <ClCompile Include="Utils\Thread\MPSCJobQueue.cpp">
      <Filter>Utils\Thread\Job</Filter>
    </ClCompile>
    <ClCompile Include="Utils\Thread\SceneJobQueue.cpp">
      <Filter>Utils\Thread\Job</Filter>
    </ClCompile>
    <ClCompile Include="Manager\PathManager.cpp">
      <Filter>Manager\Utils</Filter>
    </ClCompile>
    <ClCompile Include="Core\CommonType\Delegate.cpp">
      <Filter>Core\CommonType</Filter>
    </ClCompile>
    <ClCompile Include="Core\CommonType\SoftObjectPtr.cpp">
      <Filter>Core\CommonType</Filter>
    </ClCompile>
    <ClCompile Include="Core\CommonType\SubClass.cpp">
      <Filter>Core\CommonType</Filter>
    </ClCompile>
    <ClCompile Include="Core\Resource\BulkData.cpp">
      <Filter>Core\Resource</Filter>
    </ClCompile>
    <ClCompile Include="Manager\PackageManager.cpp">
      <Filter>Manager\Resources</Filter>
    </ClCompile>
    <ClCompile Include="Core\Resource\ResourceHeader.cpp">
      <Filter>Core\Resource</Filter>
    </ClCompile>
    <ClCompile Include="Core\Resource\Package\Package.cpp">
      <Filter>Core\Resource\Package</Filter>
    </ClCompile>
    <ClCompile Include="Core\Resource\Package\PackageHeader.cpp">
      <Filter>Core\Resource\Package</Filter>
    </ClCompile>
    <ClCompile Include="Core\Resource\Package\PackageRuntimeOwner.cpp">
      <Filter>Core\Resource\Package</Filter>
    </ClCompile>
    <ClCompile Include="Manager\InputManager.cpp">
      <Filter>Manager\Utils</Filter>
    </ClCompile>
    <ClCompile Include="Input\InputAction.cpp">
      <Filter>Input</Filter>
    </ClCompile>
    <ClCompile Include="Input\InputMapping.cpp">
      <Filter>Input</Filter>
    </ClCompile>
    <ClCompile Include="Utils\InputUtils.cpp">
      <Filter>Utils</Filter>
    </ClCompile>
    <ClCompile Include="Input\InputBinding.cpp">
      <Filter>Input</Filter>
    </ClCompile>
    <ClCompile Include="Input\InputValue.cpp">
      <Filter>Input</Filter>
    </ClCompile>
    <ClCompile Include="Utils\SimpleMath.cpp">
      <Filter>Utils</Filter>
    </ClCompile>
    <ClCompile Include="Utils\MathUtils.cpp">
      <Filter>Utils</Filter>
    </ClCompile>
    <ClCompile Include="Core\App\AppModeBase.cpp">
      <Filter>Core\App</Filter>
    </ClCompile>
    <ClCompile Include="Utils\Wrapper\SimpleMathWrapper.cpp">
      <Filter>Utils\Wrapper</Filter>
    </ClCompile>
    <ClCompile Include="Utils\Thread\RefCounting.cpp">
      <Filter>Utils\Thread</Filter>
    </ClCompile>
    <ClCompile Include="Graphics\DXSwapChain.cpp">
      <Filter>Graphics</Filter>
    </ClCompile>
    <ClCompile Include="Graphics\Buffer\DXVertexBuffer.cpp">
      <Filter>Graphics\Buffer</Filter>
    </ClCompile>
    <ClCompile Include="Manager\DXGraphicSystem.cpp">
      <Filter>Manager\Framework</Filter>
    </ClCompile>
    <ClCompile Include="Graphics\DXDefaultVertexData.cpp">
      <Filter>Graphics</Filter>
    </ClCompile>
    <ClCompile Include="Graphics\Buffer\DXInstancingBuffer.cpp">
      <Filter>Graphics\Buffer</Filter>
    </ClCompile>
    <ClCompile Include="Graphics\Buffer\DXIndexBuffer.cpp">
      <Filter>Graphics\Buffer</Filter>
    </ClCompile>
    <ClCompile Include="Graphics\Viewport\DXViewport.cpp">
      <Filter>Graphics\Viewport</Filter>
    </ClCompile>
    <ClCompile Include="Graphics\Buffer\DXConstantBuffer.cpp">
      <Filter>Graphics\Buffer</Filter>
    </ClCompile>
    <ClCompile Include="Graphics\Buffer\DXStructureBuffer.cpp">
      <Filter>Graphics\Buffer</Filter>
    </ClCompile>
    <ClCompile Include="Graphics\Buffer\DXComputeTextureBuffer.cpp">
      <Filter>Graphics\Buffer</Filter>
    </ClCompile>
    <ClCompile Include="Graphics\Resource\DXTexture.cpp">
      <Filter>Graphics\Resource</Filter>
    </ClCompile>
    <ClCompile Include="Core\Resource\Texture.cpp">
      <Filter>Core\Resource</Filter>
    </ClCompile>
    <ClCompile Include="Graphics\Resource\DXStaticMesh.cpp">
      <Filter>Graphics\Resource</Filter>
    </ClCompile>
    <ClCompile Include="Core\Component\PrimitiveComponent.cpp">
      <Filter>Core\Component</Filter>
    </ClCompile>
    <ClCompile Include="Core\Component\SceneComponent.cpp">
      <Filter>Core\Component</Filter>
    </ClCompile>
    <ClCompile Include="Core\Transform.cpp">
      <Filter>Core</Filter>
    </ClCompile>
    <ClCompile Include="Graphics\Widget\Widget.cpp">
      <Filter>Graphics\Widget</Filter>
    </ClCompile>
    <ClCompile Include="Input\InputState.cpp">
      <Filter>Input</Filter>
    </ClCompile>
    <ClCompile Include="Manager\WorldGameInputManager.cpp">
      <Filter>Manager\Utils</Filter>
    </ClCompile>
    <ClCompile Include="Manager\WorldManagerBase.cpp">
      <Filter>Manager</Filter>
    </ClCompile>
    <ClCompile Include="Graphics\Widget\Slot\WidgetSlot.cpp">
      <Filter>Graphics\Widget\Slot</Filter>
    </ClCompile>
    <ClCompile Include="Graphics\Widget\CompoundWidget.cpp">
      <Filter>Graphics\Widget</Filter>
    </ClCompile>
    <ClCompile Include="Graphics\Widget\Type\ArrangedWidget.cpp">
      <Filter>Graphics\Widget\Type</Filter>
    </ClCompile>
    <ClCompile Include="Graphics\Widget\Type\HitTestGrid.cpp">
      <Filter>Graphics\Widget\Type</Filter>
    </ClCompile>
    <ClCompile Include="Graphics\Widget\Type\WidgetGeometry.cpp">
      <Filter>Graphics\Widget\Type</Filter>
    </ClCompile>
    <ClCompile Include="Graphics\Widget\Type\WidgetPath.cpp">
      <Filter>Graphics\Widget\Type</Filter>
    </ClCompile>
    <ClCompile Include="Graphics\Widget\Type\PaintArgs.cpp">
      <Filter>Graphics\Widget\Type</Filter>
    </ClCompile>
    <ClCompile Include="Graphics\Render\WidgetDrawBuffer.cpp">
      <Filter>Graphics\Render</Filter>
    </ClCompile>
    <ClCompile Include="Graphics\Widget\Type\WidgetBrush.cpp">
      <Filter>Graphics\Widget\Type</Filter>
    </ClCompile>
    <ClCompile Include="Graphics\Widget\PanelWidget.cpp">
      <Filter>Graphics\Widget</Filter>
    </ClCompile>
    <ClCompile Include="Graphics\Widget\Type\WidgetTypeInclude.cpp">
      <Filter>Graphics\Widget\Type</Filter>
    </ClCompile>
    <ClCompile Include="Graphics\Widget\Slot\WidgetSlotOption.cpp">
      <Filter>Graphics\Widget\Slot</Filter>
    </ClCompile>
    <ClCompile Include="Core\App\InputMessageData.cpp">
      <Filter>Core\App</Filter>
    </ClCompile>
    <ClCompile Include="Input\InputEvent.cpp">
      <Filter>Input</Filter>
    </ClCompile>
    <ClCompile Include="Graphics\Resource\DXShader.cpp">
      <Filter>Graphics\Resource</Filter>
    </ClCompile>
    <ClCompile Include="Graphics\Resource\DXInputLayout.cpp">
      <Filter>Graphics\Resource</Filter>
    </ClCompile>
    <ClCompile Include="Graphics\Resource\DXResource.cpp">
      <Filter>Graphics\Resource</Filter>
    </ClCompile>
    <ClCompile Include="Graphics\DXReflectionMetaData.cpp">
      <Filter>Graphics</Filter>
    </ClCompile>
    <ClCompile Include="Graphics\State\DXSamplerState.cpp">
      <Filter>Graphics\State</Filter>
    </ClCompile>
    <ClCompile Include="Graphics\Resource\DXMaterial.cpp">
      <Filter>Graphics\Resource</Filter>
    </ClCompile>
    <ClCompile Include="Graphics\State\DXBlendState.cpp">
      <Filter>Graphics\State</Filter>
    </ClCompile>
    <ClCompile Include="Graphics\State\DXRasterizerState.cpp">
      <Filter>Graphics\State</Filter>
    </ClCompile>
    <ClCompile Include="Core\Resource\Material.cpp">
      <Filter>Core\Resource</Filter>
    </ClCompile>
    <ClCompile Include="Core\Resource\ConstantData.cpp">
      <Filter>Core\Resource</Filter>
    </ClCompile>
    <ClCompile Include="Utils\GeometryUtils.cpp">
      <Filter>Utils</Filter>
    </ClCompile>
    <ClCompile Include="Graphics\Render\DXWidgetBatchMesh.cpp">
      <Filter>Graphics\Render</Filter>
    </ClCompile>
    <ClCompile Include="Utils\Thread\DeadLockProfiler.cpp">
      <Filter>Utils\Thread\Lock</Filter>
    </ClCompile>
    <ClCompile Include="Graphics\Widget\VirtualWindow.cpp">
      <Filter>Graphics\Widget</Filter>
    </ClCompile>
    <ClCompile Include="Graphics\Widget\VirtualWindowContent.cpp">
      <Filter>Graphics\Widget</Filter>
    </ClCompile>
    <ClCompile Include="Graphics\Widget\VirtualWindowSplitter.cpp">
      <Filter>Graphics\Widget</Filter>
    </ClCompile>
    <ClCompile Include="Graphics\Widget\Splitter.cpp">
      <Filter>Graphics\Widget</Filter>
    </ClCompile>
    <ClCompile Include="Utils\WidgetUtils.cpp">
      <Filter>Utils</Filter>
    </ClCompile>
    <ClCompile Include="Graphics\Widget\Type\Attribute.cpp">
      <Filter>Graphics\Widget\Type</Filter>
    </ClCompile>
    <ClCompile Include="Graphics\Widget\Type\WidgetStyle.cpp">
      <Filter>Graphics\Widget\Type</Filter>
    </ClCompile>
    <ClCompile Include="Graphics\Widget\BoxPanelWidget.cpp">
      <Filter>Graphics\Widget</Filter>
    </ClCompile>
    <ClCompile Include="Graphics\Widget\Slot\WidgetSlotSizeParams.cpp">
      <Filter>Graphics\Widget\Slot</Filter>
    </ClCompile>
    <ClCompile Include="Graphics\Widget\Border.cpp">
      <Filter>Graphics\Widget</Filter>
    </ClCompile>
    <ClCompile Include="Graphics\Widget\Spacer.cpp">
      <Filter>Graphics\Widget</Filter>
    </ClCompile>
    <ClCompile Include="Graphics\Widget\Image.cpp">
      <Filter>Graphics\Widget</Filter>
    </ClCompile>
    <ClCompile Include="Graphics\Widget\TextBlock.cpp">
      <Filter>Graphics\Widget</Filter>
    </ClCompile>
    <ClCompile Include="Core\Resource\Font.cpp">
      <Filter>Core\Resource</Filter>
    </ClCompile>
    <ClCompile Include="Graphics\DXConstantData.cpp">
      <Filter>Graphics</Filter>
    </ClCompile>
    <ClCompile Include="Graphics\Widget\Type\WidgetFontData.cpp">
      <Filter>Graphics\Widget\Type</Filter>
    </ClCompile>
    <ClCompile Include="Manager\WidgetStyleManager.cpp">
      <Filter>Manager\Factory</Filter>
    </ClCompile>
    <ClCompile Include="Graphics\Widget\Type\WidgetTextCache.cpp">
      <Filter>Graphics\Widget\Type</Filter>
    </ClCompile>
  </ItemGroup>
  <ItemGroup>
    <None Include="..\Resources\Engine\HLSL\AnimationCommon.hlsli">
      <Filter>HLSL\Common</Filter>
    </None>
    <None Include="..\Resources\Engine\HLSL\GlobalDefine.hlsli">
      <Filter>HLSL\Common</Filter>
    </None>
    <None Include="..\Resources\Engine\HLSL\InstancingCommon.hlsli">
      <Filter>HLSL\Common</Filter>
    </None>
    <None Include="..\Resources\Engine\HLSL\LightCommon.hlsli">
      <Filter>HLSL\Common</Filter>
    </None>
    <None Include="..\Resources\Engine\HLSL\ShaderCommon.hlsli">
      <Filter>HLSL\Common</Filter>
    </None>
  </ItemGroup>
  <ItemGroup>
    <FxCompile Include="..\Resources\Engine\HLSL\UIRender.hlsl">
      <Filter>HLSL</Filter>
    </FxCompile>
    <FxCompile Include="..\Resources\Engine\HLSL\TestQuadRender.hlsl">
      <Filter>HLSL</Filter>
    </FxCompile>
  </ItemGroup>
</Project>