<?xml version="1.0" encoding="utf-8"?>
<Project ToolsVersion="4.0" xmlns="http://schemas.microsoft.com/developer/msbuild/2003">
  <ItemGroup>
    <Filter Include="Headers">
      <UniqueIdentifier>{ff33d294-813a-4676-9159-a88b6e539173}</UniqueIdentifier>
    </Filter>
    <Filter Include="Headers\Global">
      <UniqueIdentifier>{8e1f67d2-53d7-438a-a1c2-7c1689437dda}</UniqueIdentifier>
    </Filter>
    <Filter Include="Input">
      <UniqueIdentifier>{ae417c10-8516-46db-9f90-b217ce2d1c79}</UniqueIdentifier>
    </Filter>
    <Filter Include="App">
      <UniqueIdentifier>{f95dfcb9-f0d7-4668-be08-e78e2c913090}</UniqueIdentifier>
    </Filter>
    <Filter Include="App\AppWindow">
      <UniqueIdentifier>{e381594b-a989-40d6-99ce-1743614321c0}</UniqueIdentifier>
    </Filter>
    <Filter Include="Convertor">
      <UniqueIdentifier>{4809919a-dc08-4192-9912-ae0a909bd20c}</UniqueIdentifier>
    </Filter>
    <Filter Include="Tool">
      <UniqueIdentifier>{55056716-a561-49cc-bf3e-c59c77c0f0bb}</UniqueIdentifier>
    </Filter>
    <Filter Include="Graphics">
      <UniqueIdentifier>{a8fecfff-68dc-4d75-8255-924c810b2a8f}</UniqueIdentifier>
    </Filter>
    <Filter Include="Graphics\Widget">
      <UniqueIdentifier>{d5d953fb-ff8b-4b3b-b295-292025bb66d4}</UniqueIdentifier>
    </Filter>
    <Filter Include="Graphics\Widget\Slot">
      <UniqueIdentifier>{9bb06a5b-68b8-4b0a-8b4c-158eb301a14d}</UniqueIdentifier>
    </Filter>
    <Filter Include="Utils">
      <UniqueIdentifier>{e2a27c4a-d08f-4926-9b33-a419600895fb}</UniqueIdentifier>
    </Filter>
  </ItemGroup>
  <ItemGroup>
    <ClCompile Include="pch.cpp">
      <Filter>Headers\Global</Filter>
    </ClCompile>
    <ClCompile Include="Input\DefaultEditorAction.cpp">
      <Filter>Input</Filter>
    </ClCompile>
    <ClCompile Include="Input\DefaultEditorInputMappingContext.cpp">
      <Filter>Input</Filter>
    </ClCompile>
    <ClCompile Include="App\Editor.cpp">
      <Filter>App</Filter>
    </ClCompile>
    <ClCompile Include="Convertor\Convertor.cpp">
      <Filter>Convertor</Filter>
    </ClCompile>
    <ClCompile Include="Tool\LODGenerator.cpp">
      <Filter>Tool</Filter>
    </ClCompile>
    <ClCompile Include="Graphics\Widget\ConsoleView.cpp">
      <Filter>Graphics\Widget</Filter>
    </ClCompile>
    <ClCompile Include="Tool\Logger.cpp">
      <Filter>Tool</Filter>
    </ClCompile>
    <ClCompile Include="Tool\FontAtlasGenerator.cpp">
      <Filter>Tool</Filter>
    </ClCompile>
    <ClCompile Include="App\AppWindow\EditorAppWindow.cpp">
      <Filter>App\AppWindow</Filter>
    </ClCompile>
  </ItemGroup>
  <ItemGroup>
    <ClInclude Include="pch.h">
      <Filter>Headers\Global</Filter>
    </ClInclude>
    <ClInclude Include="Input\DefaultEditorAction.h">
      <Filter>Input</Filter>
    </ClInclude>
    <ClInclude Include="Input\DefaultEditorInputMappingContext.h">
      <Filter>Input</Filter>
    </ClInclude>
    <ClInclude Include="App\Editor.h">
      <Filter>App</Filter>
    </ClInclude>
    <ClInclude Include="Convertor\Convertor.h">
      <Filter>Convertor</Filter>
    </ClInclude>
    <ClInclude Include="Tool\LODGenerator.h">
      <Filter>Tool</Filter>
    </ClInclude>
    <ClInclude Include="Graphics\Widget\ConsoleView.h">
      <Filter>Graphics\Widget</Filter>
    </ClInclude>
    <ClInclude Include="Tool\Logger.h">
      <Filter>Tool</Filter>
    </ClInclude>
    <ClInclude Include="EditorDefine.h">
      <Filter>Headers\Global</Filter>
    </ClInclude>
    <ClInclude Include="Tool\FontAtlasGenerator.h">
      <Filter>Tool</Filter>
    </ClInclude>
    <ClInclude Include="App\AppWindow\EditorAppWindow.h">
      <Filter>App\AppWindow</Filter>
    </ClInclude>
    <ClInclude Include="EditorPch.h">
      <Filter>Headers\Global</Filter>
    </ClInclude>
  </ItemGroup>
</Project>